
Microsoft Visual Studio Solution File, Format Version 11.00
# Visual Studio 2010
Project("{FAE04EC0-301F-11D3-BF4B-00C04F79EFBC}") = "NRSDK.Editor", "NRSDK.Editor.csproj", "{45250A99-1924-A50F-2865-11601DBB1FBC}"
EndProject
Project("{FAE04EC0-301F-11D3-BF4B-00C04F79EFBC}") = "NRSDK", "NRSDK.csproj", "{F421C955-DA2F-4A77-A37A-9C2287D77DAD}"
EndProject
Project("{FAE04EC0-301F-11D3-BF4B-00C04F79EFBC}") = "Assembly-CSharp", "Assembly-CSharp.csproj", "{62B0D350-788D-6881-925D-A12E6FE6DC30}"
EndProject
Global
	GlobalSection(SolutionConfigurationPlatforms) = preSolution
		Debug|Any CPU = Debug|Any CPU
		Release|Any CPU = Release|Any CPU
	EndGlobalSection
	GlobalSection(ProjectConfigurationPlatforms) = postSolution
		{45250A99-1924-A50F-2865-11601DBB1FBC}.Debug|Any CPU.ActiveCfg = Debug|Any CPU
		{45250A99-1924-A50F-2865-11601DBB1FBC}.Debug|Any CPU.Build.0 = Debug|Any CPU
		{45250A99-1924-A50F-2865-11601DBB1FBC}.Release|Any CPU.ActiveCfg = Release|Any CPU
		{45250A99-1924-A50F-2865-11601DBB1FBC}.Release|Any CPU.Build.0 = Release|Any CPU
		{F421C955-DA2F-4A77-A37A-9C2287D77DAD}.Debug|Any CPU.ActiveCfg = Debug|Any CPU
		{F421C955-DA2F-4A77-A37A-9C2287D77DAD}.Debug|Any CPU.Build.0 = Debug|Any CPU
		{F421C955-DA2F-4A77-A37A-9C2287D77DAD}.Release|Any CPU.ActiveCfg = Release|Any CPU
		{F421C955-DA2F-4A77-A37A-9C2287D77DAD}.Release|Any CPU.Build.0 = Release|Any CPU
		{62B0D350-788D-6881-925D-A12E6FE6DC30}.Debug|Any CPU.ActiveCfg = Debug|Any CPU
		{62B0D350-788D-6881-925D-A12E6FE6DC30}.Debug|Any CPU.Build.0 = Debug|Any CPU
		{62B0D350-788D-6881-925D-A12E6FE6DC30}.Release|Any CPU.ActiveCfg = Release|Any CPU
		{62B0D350-788D-6881-925D-A12E6FE6DC30}.Release|Any CPU.Build.0 = Release|Any CPU
	EndGlobalSection
	GlobalSection(SolutionProperties) = preSolution
		HideSolutionNode = FALSE
	EndGlobalSection
EndGlobal
